
Microsoft Visual Studio Solution File, Format Version 12.00
# Visual Studio Version 16
VisualStudioVersion = 16.0.29123.88
MinimumVisualStudioVersion = 10.0.40219.1
Project("{9A19103F-16F7-4668-BE54-9A1E7A4F7556}") = "KV.DLL", "KV.DLL\KV.DLL.csproj", "{38E58250-151E-46C1-833F-D90DC75745BE}"
EndProject
Project("{9A19103F-16F7-4668-BE54-9A1E7A4F7556}") = "KV.Entities", "KV.Entities\KV.Entities.csproj", "{75A888E8-BB4D-4CA1-85E4-0390403B3D45}"
EndProject
Project("{9A19103F-16F7-4668-BE54-9A1E7A4F7556}") = "KV.ViewModel", "KV.ViewModel\KV.ViewModel.csproj", "{68305C04-7989-4313-98E1-5988B5E9AAB8}"
EndProject
Project("{9A19103F-16F7-4668-BE54-9A1E7A4F7556}") = "KV.Web", "KV.Web\KV.Web.csproj", "{89962799-97F2-4DC2-A5D4-BA4C71718A8A}"
EndProject
Project("{9A19103F-16F7-4668-BE54-9A1E7A4F7556}") = "KV.DB", "KV.DB\KV.DB.csproj", "{18CA9AA1-3211-476D-ACD6-3C161608ABB5}"
EndProject
Project("{9A19103F-16F7-4668-BE54-9A1E7A4F7556}") = "KV.Test", "KV.Test\KV.Test.csproj", "{84B33582-C41E-412E-B58B-E803EB4E42D4}"
EndProject
Project("{FAE04EC0-301F-11D3-BF4B-00C04F79EFBC}") = "KV.S.F", "KV.S.F\KV.S.F.csproj", "{DCC97599-DC2B-4B27-A1C2-C789C61CA638}"
EndProject
Project("{FAE04EC0-301F-11D3-BF4B-00C04F79EFBC}") = "KV.F.Code", "KV.F.Code\KV.F.Code.csproj", "{57FE25F1-DDA6-4257-AA1A-07DA23503F20}"
EndProject
Global
	GlobalSection(SolutionConfigurationPlatforms) = preSolution
		Debug|Any CPU = Debug|Any CPU
		Release|Any CPU = Release|Any CPU
	EndGlobalSection
	GlobalSection(ProjectConfigurationPlatforms) = postSolution
		{38E58250-151E-46C1-833F-D90DC75745BE}.Debug|Any CPU.ActiveCfg = Debug|Any CPU
		{38E58250-151E-46C1-833F-D90DC75745BE}.Debug|Any CPU.Build.0 = Debug|Any CPU
		{38E58250-151E-46C1-833F-D90DC75745BE}.Release|Any CPU.ActiveCfg = Release|Any CPU
		{38E58250-151E-46C1-833F-D90DC75745BE}.Release|Any CPU.Build.0 = Release|Any CPU
		{75A888E8-BB4D-4CA1-85E4-0390403B3D45}.Debug|Any CPU.ActiveCfg = Debug|Any CPU
		{75A888E8-BB4D-4CA1-85E4-0390403B3D45}.Debug|Any CPU.Build.0 = Debug|Any CPU
		{75A888E8-BB4D-4CA1-85E4-0390403B3D45}.Release|Any CPU.ActiveCfg = Release|Any CPU
		{75A888E8-BB4D-4CA1-85E4-0390403B3D45}.Release|Any CPU.Build.0 = Release|Any CPU
		{68305C04-7989-4313-98E1-5988B5E9AAB8}.Debug|Any CPU.ActiveCfg = Debug|Any CPU
		{68305C04-7989-4313-98E1-5988B5E9AAB8}.Debug|Any CPU.Build.0 = Debug|Any CPU
		{68305C04-7989-4313-98E1-5988B5E9AAB8}.Release|Any CPU.ActiveCfg = Release|Any CPU
		{68305C04-7989-4313-98E1-5988B5E9AAB8}.Release|Any CPU.Build.0 = Release|Any CPU
		{89962799-97F2-4DC2-A5D4-BA4C71718A8A}.Debug|Any CPU.ActiveCfg = Debug|Any CPU
		{89962799-97F2-4DC2-A5D4-BA4C71718A8A}.Debug|Any CPU.Build.0 = Debug|Any CPU
		{89962799-97F2-4DC2-A5D4-BA4C71718A8A}.Release|Any CPU.ActiveCfg = Release|Any CPU
		{89962799-97F2-4DC2-A5D4-BA4C71718A8A}.Release|Any CPU.Build.0 = Release|Any CPU
		{18CA9AA1-3211-476D-ACD6-3C161608ABB5}.Debug|Any CPU.ActiveCfg = Debug|Any CPU
		{18CA9AA1-3211-476D-ACD6-3C161608ABB5}.Debug|Any CPU.Build.0 = Debug|Any CPU
		{18CA9AA1-3211-476D-ACD6-3C161608ABB5}.Release|Any CPU.ActiveCfg = Release|Any CPU
		{18CA9AA1-3211-476D-ACD6-3C161608ABB5}.Release|Any CPU.Build.0 = Release|Any CPU
		{84B33582-C41E-412E-B58B-E803EB4E42D4}.Debug|Any CPU.ActiveCfg = Debug|Any CPU
		{84B33582-C41E-412E-B58B-E803EB4E42D4}.Debug|Any CPU.Build.0 = Debug|Any CPU
		{84B33582-C41E-412E-B58B-E803EB4E42D4}.Release|Any CPU.ActiveCfg = Release|Any CPU
		{84B33582-C41E-412E-B58B-E803EB4E42D4}.Release|Any CPU.Build.0 = Release|Any CPU
		{DCC97599-DC2B-4B27-A1C2-C789C61CA638}.Debug|Any CPU.ActiveCfg = Debug|Any CPU
		{DCC97599-DC2B-4B27-A1C2-C789C61CA638}.Debug|Any CPU.Build.0 = Debug|Any CPU
		{DCC97599-DC2B-4B27-A1C2-C789C61CA638}.Release|Any CPU.ActiveCfg = Release|Any CPU
		{DCC97599-DC2B-4B27-A1C2-C789C61CA638}.Release|Any CPU.Build.0 = Release|Any CPU
		{57FE25F1-DDA6-4257-AA1A-07DA23503F20}.Debug|Any CPU.ActiveCfg = Debug|Any CPU
		{57FE25F1-DDA6-4257-AA1A-07DA23503F20}.Debug|Any CPU.Build.0 = Debug|Any CPU
		{57FE25F1-DDA6-4257-AA1A-07DA23503F20}.Release|Any CPU.ActiveCfg = Release|Any CPU
		{57FE25F1-DDA6-4257-AA1A-07DA23503F20}.Release|Any CPU.Build.0 = Release|Any CPU
	EndGlobalSection
	GlobalSection(SolutionProperties) = preSolution
		HideSolutionNode = FALSE
	EndGlobalSection
	GlobalSection(ExtensibilityGlobals) = postSolution
		SolutionGuid = {68A09FA1-AA68-46EE-BABF-A9DAFC743142}
	EndGlobalSection
EndGlobal
